// !$*UTF8*$!
{
	archiveVersion = 1;
	classes = {
	};
	objectVersion = 55;
	objects = {

/* Begin PBXBuildFile section */
		EA66DC6628A4201100BD488C /* Circle_beauty.swift in Sources */ = {isa = PBXBuildFile; fileRef = EA66DC6528A4201100BD488C /* Circle_beauty.swift */; };
		EAE93DA528A2C83100D5776C /* CentralParkMasjid_01App.swift in Sources */ = {isa = PBXBuildFile; fileRef = EAE93DA428A2C83100D5776C /* CentralParkMasjid_01App.swift */; };
		EAE93DA728A2C83100D5776C /* ContentView.swift in Sources */ = {isa = PBXBuildFile; fileRef = EAE93DA628A2C83100D5776C /* ContentView.swift */; };
		EAE93DA928A2C83500D5776C /* Assets.xcassets in Resources */ = {isa = PBXBuildFile; fileRef = EAE93DA828A2C83500D5776C /* Assets.xcassets */; };
		EAE93DAC28A2C83500D5776C /* Preview Assets.xcassets in Resources */ = {isa = PBXBuildFile; fileRef = EAE93DAB28A2C83500D5776C /* Preview Assets.xcassets */; };
		EAE93DB628A2C83500D5776C /* CentralParkMasjid_01Tests.swift in Sources */ = {isa = PBXBuildFile; fileRef = EAE93DB528A2C83500D5776C /* CentralParkMasjid_01Tests.swift */; };
		EAE93DC028A2C83500D5776C /* CentralParkMasjid_01UITests.swift in Sources */ = {isa = PBXBuildFile; fileRef = EAE93DBF28A2C83500D5776C /* CentralParkMasjid_01UITests.swift */; };
		EAE93DC228A2C83500D5776C /* CentralParkMasjid_01UITestsLaunchTests.swift in Sources */ = {isa = PBXBuildFile; fileRef = EAE93DC128A2C83500D5776C /* CentralParkMasjid_01UITestsLaunchTests.swift */; };
		EAE93DCF28A2CF9300D5776C /* ProgressRing.swift in Sources */ = {isa = PBXBuildFile; fileRef = EAE93DCE28A2CF9300D5776C /* ProgressRing.swift */; };
/* End PBXBuildFile section */

/* Begin PBXContainerItemProxy section */
		EAE93DB228A2C83500D5776C /* PBXContainerItemProxy */ = {
			isa = PBXContainerItemProxy;
			containerPortal = EAE93D9928A2C83100D5776C /* Project object */;
			proxyType = 1;
			remoteGlobalIDString = EAE93DA028A2C83100D5776C;
			remoteInfo = CentralParkMasjid_01;
		};
		EAE93DBC28A2C83500D5776C /* PBXContainerItemProxy */ = {
			isa = PBXContainerItemProxy;
			containerPortal = EAE93D9928A2C83100D5776C /* Project object */;
			proxyType = 1;
			remoteGlobalIDString = EAE93DA028A2C83100D5776C;
			remoteInfo = CentralParkMasjid_01;
		};
/* End PBXContainerItemProxy section */

/* Begin PBXFileReference section */
		EA66DC6528A4201100BD488C /* Circle_beauty.swift */ = {isa = PBXFileReference; lastKnownFileType = sourcecode.swift; path = Circle_beauty.swift; sourceTree = "<group>"; };
		EAE93DA128A2C83100D5776C /* CentralParkMasjid_01.app */ = {isa = PBXFileReference; explicitFileType = wrapper.application; includeInIndex = 0; path = CentralParkMasjid_01.app; sourceTree = BUILT_PRODUCTS_DIR; };
		EAE93DA428A2C83100D5776C /* CentralParkMasjid_01App.swift */ = {isa = PBXFileReference; lastKnownFileType = sourcecode.swift; path = CentralParkMasjid_01App.swift; sourceTree = "<group>"; };
		EAE93DA628A2C83100D5776C /* ContentView.swift */ = {isa = PBXFileReference; lastKnownFileType = sourcecode.swift; path = ContentView.swift; sourceTree = "<group>"; };
		EAE93DA828A2C83500D5776C /* Assets.xcassets */ = {isa = PBXFileReference; lastKnownFileType = folder.assetcatalog; path = Assets.xcassets; sourceTree = "<group>"; };
		EAE93DAB28A2C83500D5776C /* Preview Assets.xcassets */ = {isa = PBXFileReference; lastKnownFileType = folder.assetcatalog; path = "Preview Assets.xcassets"; sourceTree = "<group>"; };
		EAE93DB128A2C83500D5776C /* CentralParkMasjid_01Tests.xctest */ = {isa = PBXFileReference; explicitFileType = wrapper.cfbundle; includeInIndex = 0; path = CentralParkMasjid_01Tests.xctest; sourceTree = BUILT_PRODUCTS_DIR; };
		EAE93DB528A2C83500D5776C /* CentralParkMasjid_01Tests.swift */ = {isa = PBXFileReference; lastKnownFileType = sourcecode.swift; path = CentralParkMasjid_01Tests.swift; sourceTree = "<group>"; };
		EAE93DBB28A2C83500D5776C /* CentralParkMasjid_01UITests.xctest */ = {isa = PBXFileReference; explicitFileType = wrapper.cfbundle; includeInIndex = 0; path = CentralParkMasjid_01UITests.xctest; sourceTree = BUILT_PRODUCTS_DIR; };
		EAE93DBF28A2C83500D5776C /* CentralParkMasjid_01UITests.swift */ = {isa = PBXFileReference; lastKnownFileType = sourcecode.swift; path = CentralParkMasjid_01UITests.swift; sourceTree = "<group>"; };
		EAE93DC128A2C83500D5776C /* CentralParkMasjid_01UITestsLaunchTests.swift */ = {isa = PBXFileReference; lastKnownFileType = sourcecode.swift; path = CentralParkMasjid_01UITestsLaunchTests.swift; sourceTree = "<group>"; };
		EAE93DCE28A2CF9300D5776C /* ProgressRing.swift */ = {isa = PBXFileReference; lastKnownFileType = sourcecode.swift; path = ProgressRing.swift; sourceTree = "<group>"; };
/* End PBXFileReference section */

/* Begin PBXFrameworksBuildPhase section */
		EAE93D9E28A2C83100D5776C /* Frameworks */ = {
			isa = PBXFrameworksBuildPhase;
			buildActionMask = 2147483647;
			files = (
			);
			runOnlyForDeploymentPostprocessing = 0;
		};
		EAE93DAE28A2C83500D5776C /* Frameworks */ = {
			isa = PBXFrameworksBuildPhase;
			buildActionMask = 2147483647;
			files = (
			);
			runOnlyForDeploymentPostprocessing = 0;
		};
		EAE93DB828A2C83500D5776C /* Frameworks */ = {
			isa = PBXFrameworksBuildPhase;
			buildActionMask = 2147483647;
			files = (
			);
			runOnlyForDeploymentPostprocessing = 0;
		};
/* End PBXFrameworksBuildPhase section */

/* Begin PBXGroup section */
		EAE93D9828A2C83100D5776C = {
			isa = PBXGroup;
			children = (
				EAE93DA328A2C83100D5776C /* CentralParkMasjid_01 */,
				EAE93DB428A2C83500D5776C /* CentralParkMasjid_01Tests */,
				EAE93DBE28A2C83500D5776C /* CentralParkMasjid_01UITests */,
				EAE93DA228A2C83100D5776C /* Products */,
			);
			sourceTree = "<group>";
		};
		EAE93DA228A2C83100D5776C /* Products */ = {
			isa = PBXGroup;
			children = (
				EAE93DA128A2C83100D5776C /* CentralParkMasjid_01.app */,
				EAE93DB128A2C83500D5776C /* CentralParkMasjid_01Tests.xctest */,
				EAE93DBB28A2C83500D5776C /* CentralParkMasjid_01UITests.xctest */,
			);
			name = Products;
			sourceTree = "<group>";
		};
		EAE93DA328A2C83100D5776C /* CentralParkMasjid_01 */ = {
			isa = PBXGroup;
			children = (
				EAE93DA428A2C83100D5776C /* CentralParkMasjid_01App.swift */,
				EAE93DA628A2C83100D5776C /* ContentView.swift */,
				EAE93DCE28A2CF9300D5776C /* ProgressRing.swift */,
				EA66DC6528A4201100BD488C /* Circle_beauty.swift */,
				EAE93DA828A2C83500D5776C /* Assets.xcassets */,
				EAE93DAA28A2C83500D5776C /* Preview Content */,
			);
			path = CentralParkMasjid_01;
			sourceTree = "<group>";
		};
		EAE93DAA28A2C83500D5776C /* Preview Content */ = {
			isa = PBXGroup;
			children = (
				EAE93DAB28A2C83500D5776C /* Preview Assets.xcassets */,
			);
			path = "Preview Content";
			sourceTree = "<group>";
		};
		EAE93DB428A2C83500D5776C /* CentralParkMasjid_01Tests */ = {
			isa = PBXGroup;
			children = (
				EAE93DB528A2C83500D5776C /* CentralParkMasjid_01Tests.swift */,
			);
			path = CentralParkMasjid_01Tests;
			sourceTree = "<group>";
		};
		EAE93DBE28A2C83500D5776C /* CentralParkMasjid_01UITests */ = {
			isa = PBXGroup;
			children = (
				EAE93DBF28A2C83500D5776C /* CentralParkMasjid_01UITests.swift */,
				EAE93DC128A2C83500D5776C /* CentralParkMasjid_01UITestsLaunchTests.swift */,
			);
			path = CentralParkMasjid_01UITests;
			sourceTree = "<group>";
		};
/* End PBXGroup section */

/* Begin PBXNativeTarget section */
		EAE93DA028A2C83100D5776C /* CentralParkMasjid_01 */ = {
			isa = PBXNativeTarget;
			buildConfigurationList = EAE93DC528A2C83500D5776C /* Build configuration list for PBXNativeTarget "CentralParkMasjid_01" */;
			buildPhases = (
				EAE93D9D28A2C83100D5776C /* Sources */,
				EAE93D9E28A2C83100D5776C /* Frameworks */,
				EAE93D9F28A2C83100D5776C /* Resources */,
			);
			buildRules = (
			);
			dependencies = (
			);
			name = CentralParkMasjid_01;
			productName = CentralParkMasjid_01;
			productReference = EAE93DA128A2C83100D5776C /* CentralParkMasjid_01.app */;
			productType = "com.apple.product-type.application";
		};
		EAE93DB028A2C83500D5776C /* CentralParkMasjid_01Tests */ = {
			isa = PBXNativeTarget;
			buildConfigurationList = EAE93DC828A2C83500D5776C /* Build configuration list for PBXNativeTarget "CentralParkMasjid_01Tests" */;
			buildPhases = (
				EAE93DAD28A2C83500D5776C /* Sources */,
				EAE93DAE28A2C83500D5776C /* Frameworks */,
				EAE93DAF28A2C83500D5776C /* Resources */,
			);
			buildRules = (
			);
			dependencies = (
				EAE93DB328A2C83500D5776C /* PBXTargetDependency */,
			);
			name = CentralParkMasjid_01Tests;
			productName = CentralParkMasjid_01Tests;
			productReference = EAE93DB128A2C83500D5776C /* CentralParkMasjid_01Tests.xctest */;
			productType = "com.apple.product-type.bundle.unit-test";
		};
		EAE93DBA28A2C83500D5776C /* CentralParkMasjid_01UITests */ = {
			isa = PBXNativeTarget;
			buildConfigurationList = EAE93DCB28A2C83500D5776C /* Build configuration list for PBXNativeTarget "CentralParkMasjid_01UITests" */;
			buildPhases = (
				EAE93DB728A2C83500D5776C /* Sources */,
				EAE93DB828A2C83500D5776C /* Frameworks */,
				EAE93DB928A2C83500D5776C /* Resources */,
			);
			buildRules = (
			);
			dependencies = (
				EAE93DBD28A2C83500D5776C /* PBXTargetDependency */,
			);
			name = CentralParkMasjid_01UITests;
			productName = CentralParkMasjid_01UITests;
			productReference = EAE93DBB28A2C83500D5776C /* CentralParkMasjid_01UITests.xctest */;
			productType = "com.apple.product-type.bundle.ui-testing";
		};
/* End PBXNativeTarget section */

/* Begin PBXProject section */
		EAE93D9928A2C83100D5776C /* Project object */ = {
			isa = PBXProject;
			attributes = {
				BuildIndependentTargetsInParallel = 1;
				LastSwiftUpdateCheck = 1340;
				LastUpgradeCheck = 1340;
				TargetAttributes = {
					EAE93DA028A2C83100D5776C = {
						CreatedOnToolsVersion = 13.4.1;
					};
					EAE93DB028A2C83500D5776C = {
						CreatedOnToolsVersion = 13.4.1;
						TestTargetID = EAE93DA028A2C83100D5776C;
					};
					EAE93DBA28A2C83500D5776C = {
						CreatedOnToolsVersion = 13.4.1;
						TestTargetID = EAE93DA028A2C83100D5776C;
					};
				};
			};
			buildConfigurationList = EAE93D9C28A2C83100D5776C /* Build configuration list for PBXProject "CentralParkMasjid_01" */;
			compatibilityVersion = "Xcode 13.0";
			developmentRegion = en;
			hasScannedForEncodings = 0;
			knownRegions = (
				en,
				Base,
			);
			mainGroup = EAE93D9828A2C83100D5776C;
			productRefGroup = EAE93DA228A2C83100D5776C /* Products */;
			projectDirPath = "";
			projectRoot = "";
			targets = (
				EAE93DA028A2C83100D5776C /* CentralParkMasjid_01 */,
				EAE93DB028A2C83500D5776C /* CentralParkMasjid_01Tests */,
				EAE93DBA28A2C83500D5776C /* CentralParkMasjid_01UITests */,
			);
		};
/* End PBXProject section */

/* Begin PBXResourcesBuildPhase section */
		EAE93D9F28A2C83100D5776C /* Resources */ = {
			isa = PBXResourcesBuildPhase;
			buildActionMask = 2147483647;
			files = (
				EAE93DAC28A2C83500D5776C /* Preview Assets.xcassets in Resources */,
				EAE93DA928A2C83500D5776C /* Assets.xcassets in Resources */,
			);
			runOnlyForDeploymentPostprocessing = 0;
		};
		EAE93DAF28A2C83500D5776C /* Resources */ = {
			isa = PBXResourcesBuildPhase;
			buildActionMask = 2147483647;
			files = (
			);
			runOnlyForDeploymentPostprocessing = 0;
		};
		EAE93DB928A2C83500D5776C /* Resources */ = {
			isa = PBXResourcesBuildPhase;
			buildActionMask = 2147483647;
			files = (
			);
			runOnlyForDeploymentPostprocessing = 0;
		};
/* End PBXResourcesBuildPhase section */

/* Begin PBXSourcesBuildPhase section */
		EAE93D9D28A2C83100D5776C /* Sources */ = {
			isa = PBXSourcesBuildPhase;
			buildActionMask = 2147483647;
			files = (
				EAE93DA728A2C83100D5776C /* ContentView.swift in Sources */,
				EA66DC6628A4201100BD488C /* Circle_beauty.swift in Sources */,
				EAE93DA528A2C83100D5776C /* CentralParkMasjid_01App.swift in Sources */,
				EAE93DCF28A2CF9300D5776C /* ProgressRing.swift in Sources */,
			);
			runOnlyForDeploymentPostprocessing = 0;
		};
		EAE93DAD28A2C83500D5776C /* Sources */ = {
			isa = PBXSourcesBuildPhase;
			buildActionMask = 2147483647;
			files = (
				EAE93DB628A2C83500D5776C /* CentralParkMasjid_01Tests.swift in Sources */,
			);
			runOnlyForDeploymentPostprocessing = 0;
		};
		EAE93DB728A2C83500D5776C /* Sources */ = {
			isa = PBXSourcesBuildPhase;
			buildActionMask = 2147483647;
			files = (
				EAE93DC028A2C83500D5776C /* CentralParkMasjid_01UITests.swift in Sources */,
				EAE93DC228A2C83500D5776C /* CentralParkMasjid_01UITestsLaunchTests.swift in Sources */,
			);
			runOnlyForDeploymentPostprocessing = 0;
		};
/* End PBXSourcesBuildPhase section */

/* Begin PBXTargetDependency section */
		EAE93DB328A2C83500D5776C /* PBXTargetDependency */ = {
			isa = PBXTargetDependency;
			target = EAE93DA028A2C83100D5776C /* CentralParkMasjid_01 */;
			targetProxy = EAE93DB228A2C83500D5776C /* PBXContainerItemProxy */;
		};
		EAE93DBD28A2C83500D5776C /* PBXTargetDependency */ = {
			isa = PBXTargetDependency;
			target = EAE93DA028A2C83100D5776C /* CentralParkMasjid_01 */;
			targetProxy = EAE93DBC28A2C83500D5776C /* PBXContainerItemProxy */;
		};
/* End PBXTargetDependency section */

/* Begin XCBuildConfiguration section */
		EAE93DC328A2C83500D5776C /* Debug */ = {
			isa = XCBuildConfiguration;
			buildSettings = {
				ALWAYS_SEARCH_USER_PATHS = NO;
				CLANG_ANALYZER_NONNULL = YES;
				CLANG_ANALYZER_NUMBER_OBJECT_CONVERSION = YES_AGGRESSIVE;
				CLANG_CXX_LANGUAGE_STANDARD = "gnu++17";
				CLANG_ENABLE_MODULES = YES;
				CLANG_ENABLE_OBJC_ARC = YES;
				CLANG_ENABLE_OBJC_WEAK = YES;
				CLANG_WARN_BLOCK_CAPTURE_AUTORELEASING = YES;
				CLANG_WARN_BOOL_CONVERSION = YES;
				CLANG_WARN_COMMA = YES;
				CLANG_WARN_CONSTANT_CONVERSION = YES;
				CLANG_WARN_DEPRECATED_OBJC_IMPLEMENTATIONS = YES;
				CLANG_WARN_DIRECT_OBJC_ISA_USAGE = YES_ERROR;
				CLANG_WARN_DOCUMENTATION_COMMENTS = YES;
				CLANG_WARN_EMPTY_BODY = YES;
				CLANG_WARN_ENUM_CONVERSION = YES;
				CLANG_WARN_INFINITE_RECURSION = YES;
				CLANG_WARN_INT_CONVERSION = YES;
				CLANG_WARN_NON_LITERAL_NULL_CONVERSION = YES;
				CLANG_WARN_OBJC_IMPLICIT_RETAIN_SELF = YES;
				CLANG_WARN_OBJC_LITERAL_CONVERSION = YES;
				CLANG_WARN_OBJC_ROOT_CLASS = YES_ERROR;
				CLANG_WARN_QUOTED_INCLUDE_IN_FRAMEWORK_HEADER = YES;
				CLANG_WARN_RANGE_LOOP_ANALYSIS = YES;
				CLANG_WARN_STRICT_PROTOTYPES = YES;
				CLANG_WARN_SUSPICIOUS_MOVE = YES;
				CLANG_WARN_UNGUARDED_AVAILABILITY = YES_AGGRESSIVE;
				CLANG_WARN_UNREACHABLE_CODE = YES;
				CLANG_WARN__DUPLICATE_METHOD_MATCH = YES;
				COPY_PHASE_STRIP = NO;
				DEBUG_INFORMATION_FORMAT = dwarf;
				ENABLE_STRICT_OBJC_MSGSEND = YES;
				ENABLE_TESTABILITY = YES;
				GCC_C_LANGUAGE_STANDARD = gnu11;
				GCC_DYNAMIC_NO_PIC = NO;
				GCC_NO_COMMON_BLOCKS = YES;
				GCC_OPTIMIZATION_LEVEL = 0;
				GCC_PREPROCESSOR_DEFINITIONS = (
					"DEBUG=1",
					"$(inherited)",
				);
				GCC_WARN_64_TO_32_BIT_CONVERSION = YES;
				GCC_WARN_ABOUT_RETURN_TYPE = YES_ERROR;
				GCC_WARN_UNDECLARED_SELECTOR = YES;
				GCC_WARN_UNINITIALIZED_AUTOS = YES_AGGRESSIVE;
				GCC_WARN_UNUSED_FUNCTION = YES;
				GCC_WARN_UNUSED_VARIABLE = YES;
				IPHONEOS_DEPLOYMENT_TARGET = 15.5;
				MTL_ENABLE_DEBUG_INFO = INCLUDE_SOURCE;
				MTL_FAST_MATH = YES;
				ONLY_ACTIVE_ARCH = YES;
				SDKROOT = iphoneos;
				SWIFT_ACTIVE_COMPILATION_CONDITIONS = DEBUG;
				SWIFT_OPTIMIZATION_LEVEL = "-Onone";
			};
			name = Debug;
		};
		EAE93DC428A2C83500D5776C /* Release */ = {
			isa = XCBuildConfiguration;
			buildSettings = {
				ALWAYS_SEARCH_USER_PATHS = NO;
				CLANG_ANALYZER_NONNULL = YES;
				CLANG_ANALYZER_NUMBER_OBJECT_CONVERSION = YES_AGGRESSIVE;
				CLANG_CXX_LANGUAGE_STANDARD = "gnu++17";
				CLANG_ENABLE_MODULES = YES;
				CLANG_ENABLE_OBJC_ARC = YES;
				CLANG_ENABLE_OBJC_WEAK = YES;
				CLANG_WARN_BLOCK_CAPTURE_AUTORELEASING = YES;
				CLANG_WARN_BOOL_CONVERSION = YES;
				CLANG_WARN_COMMA = YES;
				CLANG_WARN_CONSTANT_CONVERSION = YES;
				CLANG_WARN_DEPRECATED_OBJC_IMPLEMENTATIONS = YES;
				CLANG_WARN_DIRECT_OBJC_ISA_USAGE = YES_ERROR;
				CLANG_WARN_DOCUMENTATION_COMMENTS = YES;
				CLANG_WARN_EMPTY_BODY = YES;
				CLANG_WARN_ENUM_CONVERSION = YES;
				CLANG_WARN_INFINITE_RECURSION = YES;
				CLANG_WARN_INT_CONVERSION = YES;
				CLANG_WARN_NON_LITERAL_NULL_CONVERSION = YES;
				CLANG_WARN_OBJC_IMPLICIT_RETAIN_SELF = YES;
				CLANG_WARN_OBJC_LITERAL_CONVERSION = YES;
				CLANG_WARN_OBJC_ROOT_CLASS = YES_ERROR;
				CLANG_WARN_QUOTED_INCLUDE_IN_FRAMEWORK_HEADER = YES;
				CLANG_WARN_RANGE_LOOP_ANALYSIS = YES;
				CLANG_WARN_STRICT_PROTOTYPES = YES;
				CLANG_WARN_SUSPICIOUS_MOVE = YES;
				CLANG_WARN_UNGUARDED_AVAILABILITY = YES_AGGRESSIVE;
				CLANG_WARN_UNREACHABLE_CODE = YES;
				CLANG_WARN__DUPLICATE_METHOD_MATCH = YES;
				COPY_PHASE_STRIP = NO;
				DEBUG_INFORMATION_FORMAT = "dwarf-with-dsym";
				ENABLE_NS_ASSERTIONS = NO;
				ENABLE_STRICT_OBJC_MSGSEND = YES;
				GCC_C_LANGUAGE_STANDARD = gnu11;
				GCC_NO_COMMON_BLOCKS = YES;
				GCC_WARN_64_TO_32_BIT_CONVERSION = YES;
				GCC_WARN_ABOUT_RETURN_TYPE = YES_ERROR;
				GCC_WARN_UNDECLARED_SELECTOR = YES;
				GCC_WARN_UNINITIALIZED_AUTOS = YES_AGGRESSIVE;
				GCC_WARN_UNUSED_FUNCTION = YES;
				GCC_WARN_UNUSED_VARIABLE = YES;
				IPHONEOS_DEPLOYMENT_TARGET = 15.5;
				MTL_ENABLE_DEBUG_INFO = NO;
				MTL_FAST_MATH = YES;
				SDKROOT = iphoneos;
				SWIFT_COMPILATION_MODE = wholemodule;
				SWIFT_OPTIMIZATION_LEVEL = "-O";
				VALIDATE_PRODUCT = YES;
			};
			name = Release;
		};
		EAE93DC628A2C83500D5776C /* Debug */ = {
			isa = XCBuildConfiguration;
			buildSettings = {
				ASSETCATALOG_COMPILER_APPICON_NAME = AppIcon;
				ASSETCATALOG_COMPILER_GLOBAL_ACCENT_COLOR_NAME = AccentColor;
				CODE_SIGN_STYLE = Automatic;
				CURRENT_PROJECT_VERSION = 1;
				DEVELOPMENT_ASSET_PATHS = "\"CentralParkMasjid_01/Preview Content\"";
				DEVELOPMENT_TEAM = 225298UG47;
				ENABLE_PREVIEWS = YES;
				GENERATE_INFOPLIST_FILE = YES;
				INFOPLIST_KEY_UIApplicationSceneManifest_Generation = YES;
				INFOPLIST_KEY_UIApplicationSupportsIndirectInputEvents = YES;
				INFOPLIST_KEY_UILaunchScreen_Generation = YES;
				INFOPLIST_KEY_UISupportedInterfaceOrientations_iPad = "UIInterfaceOrientationPortrait UIInterfaceOrientationPortraitUpsideDown UIInterfaceOrientationLandscapeLeft UIInterfaceOrientationLandscapeRight";
				INFOPLIST_KEY_UISupportedInterfaceOrientations_iPhone = "UIInterfaceOrientationPortrait UIInterfaceOrientationLandscapeLeft UIInterfaceOrientationLandscapeRight";
				LD_RUNPATH_SEARCH_PATHS = (
					"$(inherited)",
					"@executable_path/Frameworks",
				);
				MARKETING_VERSION = 1.0;
				PRODUCT_BUNDLE_IDENTIFIER = "inshaAllah.CentralParkMasjid-01";
				PRODUCT_NAME = "$(TARGET_NAME)";
				SWIFT_EMIT_LOC_STRINGS = YES;
				SWIFT_VERSION = 5.0;
				TARGETED_DEVICE_FAMILY = "1,2";
			};
			name = Debug;
		};
		EAE93DC728A2C83500D5776C /* Release */ = {
			isa = XCBuildConfiguration;
			buildSettings = {
				ASSETCATALOG_COMPILER_APPICON_NAME = AppIcon;
				ASSETCATALOG_COMPILER_GLOBAL_ACCENT_COLOR_NAME = AccentColor;
				CODE_SIGN_STYLE = Automatic;
				CURRENT_PROJECT_VERSION = 1;
				DEVELOPMENT_ASSET_PATHS = "\"CentralParkMasjid_01/Preview Content\"";
				DEVELOPMENT_TEAM = 225298UG47;
				ENABLE_PREVIEWS = YES;
				GENERATE_INFOPLIST_FILE = YES;
				INFOPLIST_KEY_UIApplicationSceneManifest_Generation = YES;
				INFOPLIST_KEY_UIApplicationSupportsIndirectInputEvents = YES;
				INFOPLIST_KEY_UILaunchScreen_Generation = YES;
				INFOPLIST_KEY_UISupportedInterfaceOrientations_iPad = "UIInterfaceOrientationPortrait UIInterfaceOrientationPortraitUpsideDown UIInterfaceOrientationLandscapeLeft UIInterfaceOrientationLandscapeRight";
				INFOPLIST_KEY_UISupportedInterfaceOrientations_iPhone = "UIInterfaceOrientationPortrait UIInterfaceOrientationLandscapeLeft UIInterfaceOrientationLandscapeRight";
				LD_RUNPATH_SEARCH_PATHS = (
					"$(inherited)",
					"@executable_path/Frameworks",
				);
				MARKETING_VERSION = 1.0;
				PRODUCT_BUNDLE_IDENTIFIER = "inshaAllah.CentralParkMasjid-01";
				PRODUCT_NAME = "$(TARGET_NAME)";
				SWIFT_EMIT_LOC_STRINGS = YES;
				SWIFT_VERSION = 5.0;
				TARGETED_DEVICE_FAMILY = "1,2";
			};
			name = Release;
		};
		EAE93DC928A2C83500D5776C /* Debug */ = {
			isa = XCBuildConfiguration;
			buildSettings = {
				ALWAYS_EMBED_SWIFT_STANDARD_LIBRARIES = YES;
				BUNDLE_LOADER = "$(TEST_HOST)";
				CODE_SIGN_STYLE = Automatic;
				CURRENT_PROJECT_VERSION = 1;
				GENERATE_INFOPLIST_FILE = YES;
				IPHONEOS_DEPLOYMENT_TARGET = 15.5;
				MARKETING_VERSION = 1.0;
				PRODUCT_BUNDLE_IDENTIFIER = "inshaAllah.CentralParkMasjid-01Tests";
				PRODUCT_NAME = "$(TARGET_NAME)";
				SWIFT_EMIT_LOC_STRINGS = NO;
				SWIFT_VERSION = 5.0;
				TARGETED_DEVICE_FAMILY = "1,2";
				TEST_HOST = "$(BUILT_PRODUCTS_DIR)/CentralParkMasjid_01.app/CentralParkMasjid_01";
			};
			name = Debug;
		};
		EAE93DCA28A2C83500D5776C /* Release */ = {
			isa = XCBuildConfiguration;
			buildSettings = {
				ALWAYS_EMBED_SWIFT_STANDARD_LIBRARIES = YES;
				BUNDLE_LOADER = "$(TEST_HOST)";
				CODE_SIGN_STYLE = Automatic;
				CURRENT_PROJECT_VERSION = 1;
				GENERATE_INFOPLIST_FILE = YES;
				IPHONEOS_DEPLOYMENT_TARGET = 15.5;
				MARKETING_VERSION = 1.0;
				PRODUCT_BUNDLE_IDENTIFIER = "inshaAllah.CentralParkMasjid-01Tests";
				PRODUCT_NAME = "$(TARGET_NAME)";
				SWIFT_EMIT_LOC_STRINGS = NO;
				SWIFT_VERSION = 5.0;
				TARGETED_DEVICE_FAMILY = "1,2";
				TEST_HOST = "$(BUILT_PRODUCTS_DIR)/CentralParkMasjid_01.app/CentralParkMasjid_01";
			};
			name = Release;
		};
		EAE93DCC28A2C83500D5776C /* Debug */ = {
			isa = XCBuildConfiguration;
			buildSettings = {
				ALWAYS_EMBED_SWIFT_STANDARD_LIBRARIES = YES;
				CODE_SIGN_STYLE = Automatic;
				CURRENT_PROJECT_VERSION = 1;
				GENERATE_INFOPLIST_FILE = YES;
				MARKETING_VERSION = 1.0;
				PRODUCT_BUNDLE_IDENTIFIER = "inshaAllah.CentralParkMasjid-01UITests";
				PRODUCT_NAME = "$(TARGET_NAME)";
				SWIFT_EMIT_LOC_STRINGS = NO;
				SWIFT_VERSION = 5.0;
				TARGETED_DEVICE_FAMILY = "1,2";
				TEST_TARGET_NAME = CentralParkMasjid_01;
			};
			name = Debug;
		};
		EAE93DCD28A2C83500D5776C /* Release */ = {
			isa = XCBuildConfiguration;
			buildSettings = {
				ALWAYS_EMBED_SWIFT_STANDARD_LIBRARIES = YES;
				CODE_SIGN_STYLE = Automatic;
				CURRENT_PROJECT_VERSION = 1;
				GENERATE_INFOPLIST_FILE = YES;
				MARKETING_VERSION = 1.0;
				PRODUCT_BUNDLE_IDENTIFIER = "inshaAllah.CentralParkMasjid-01UITests";
				PRODUCT_NAME = "$(TARGET_NAME)";
				SWIFT_EMIT_LOC_STRINGS = NO;
				SWIFT_VERSION = 5.0;
				TARGETED_DEVICE_FAMILY = "1,2";
				TEST_TARGET_NAME = CentralParkMasjid_01;
			};
			name = Release;
		};
/* End XCBuildConfiguration section */

/* Begin XCConfigurationList section */
		EAE93D9C28A2C83100D5776C /* Build configuration list for PBXProject "CentralParkMasjid_01" */ = {
			isa = XCConfigurationList;
			buildConfigurations = (
				EAE93DC328A2C83500D5776C /* Debug */,
				EAE93DC428A2C83500D5776C /* Release */,
			);
			defaultConfigurationIsVisible = 0;
			defaultConfigurationName = Release;
		};
		EAE93DC528A2C83500D5776C /* Build configuration list for PBXNativeTarget "CentralParkMasjid_01" */ = {
			isa = XCConfigurationList;
			buildConfigurations = (
				EAE93DC628A2C83500D5776C /* Debug */,
				EAE93DC728A2C83500D5776C /* Release */,
			);
			defaultConfigurationIsVisible = 0;
			defaultConfigurationName = Release;
		};
		EAE93DC828A2C83500D5776C /* Build configuration list for PBXNativeTarget "CentralParkMasjid_01Tests" */ = {
			isa = XCConfigurationList;
			buildConfigurations = (
				EAE93DC928A2C83500D5776C /* Debug */,
				EAE93DCA28A2C83500D5776C /* Release */,
			);
			defaultConfigurationIsVisible = 0;
			defaultConfigurationName = Release;
		};
		EAE93DCB28A2C83500D5776C /* Build configuration list for PBXNativeTarget "CentralParkMasjid_01UITests" */ = {
			isa = XCConfigurationList;
			buildConfigurations = (
				EAE93DCC28A2C83500D5776C /* Debug */,
				EAE93DCD28A2C83500D5776C /* Release */,
			);
			defaultConfigurationIsVisible = 0;
			defaultConfigurationName = Release;
		};
/* End XCConfigurationList section */
	};
	rootObject = EAE93D9928A2C83100D5776C /* Project object */;
}
